
Microsoft Visual Studio Solution File, Format Version 12.00
# Visual Studio Version 16
VisualStudioVersion = 16.0.29709.97
MinimumVisualStudioVersion = 10.0.40219.1
Project("{9A19103F-16F7-4668-BE54-9A1E7A4F7556}") = "OnePlusBot", "src\OnePlusBot\OnePlusBot.csproj", "{5B5102C3-8C78-4446-A16D-E4DA537E3408}"
EndProject
Project("{2150E333-8FDC-42A3-9474-1A3956D46DE8}") = "Solution Items", "Solution Items", "{14C0E966-5D5F-4E9E-A712-79E50A62DEB2}"
	ProjectSection(SolutionItems) = preProject
		nuget.config = nuget.config
	EndProjectSection
EndProject
Global
	GlobalSection(SolutionConfigurationPlatforms) = preSolution
		Debug|Any CPU = Debug|Any CPU
		Release|Any CPU = Release|Any CPU
	EndGlobalSection
	GlobalSection(ProjectConfigurationPlatforms) = postSolution
		{5B5102C3-8C78-4446-A16D-E4DA537E3408}.Debug|Any CPU.ActiveCfg = Debug|Any CPU
		{5B5102C3-8C78-4446-A16D-E4DA537E3408}.Debug|Any CPU.Build.0 = Debug|Any CPU
		{5B5102C3-8C78-4446-A16D-E4DA537E3408}.Release|Any CPU.ActiveCfg = Release|Any CPU
		{5B5102C3-8C78-4446-A16D-E4DA537E3408}.Release|Any CPU.Build.0 = Release|Any CPU
	EndGlobalSection
	GlobalSection(SolutionProperties) = preSolution
		HideSolutionNode = FALSE
	EndGlobalSection
	GlobalSection(ExtensibilityGlobals) = postSolution
		SolutionGuid = {4CE141B1-868A-43ED-95F3-229240BDAA77}
	EndGlobalSection
EndGlobal
